
Microsoft Visual Studio Solution File, Format Version 12.00
# Visual Studio Version 16
VisualStudioVersion = 25.0.1704.0
MinimumVisualStudioVersion = 10.0.40219.1
Project("{FAE04EC0-301F-11D3-BF4B-00C04F79EFBC}") = "ExamplePad", "ExamplePad.csproj", "{9375D4FB-7AA6-4532-B084-E58ABD44927B}"
EndProject
Global
	GlobalSection(SolutionConfigurationPlatforms) = preSolution
		Debug|Any CPU = Debug|Any CPU
		Release|Any CPU = Release|Any CPU
	EndGlobalSection
	GlobalSection(ProjectConfigurationPlatforms) = postSolution
		{9375D4FB-7AA6-4532-B084-E58ABD44927B}.Debug|Any CPU.ActiveCfg = Debug|Any CPU
		{9375D4FB-7AA6-4532-B084-E58ABD44927B}.Debug|Any CPU.Build.0 = Debug|Any CPU
		{9375D4FB-7AA6-4532-B084-E58ABD44927B}.Release|Any CPU.ActiveCfg = Release|Any CPU
		{9375D4FB-7AA6-4532-B084-E58ABD44927B}.Release|Any CPU.Build.0 = Release|Any CPU
	EndGlobalSection
	GlobalSection(SolutionProperties) = preSolution
		HideSolutionNode = FALSE
	EndGlobalSection
	GlobalSection(ExtensibilityGlobals) = postSolution
		SolutionGuid = {0BB6F801-A01F-41FA-BAD1-1A134FB590C5}
	EndGlobalSection
EndGlobal
